
Microsoft Visual Studio Solution File, Format Version 12.00
# Visual Studio Version 17
VisualStudioVersion = 17.11.35303.130
MinimumVisualStudioVersion = 10.0.40219.1
Project("{2150E333-8FDC-42A3-9474-1A3956D46DE8}") = "Task0", "Task0", "{869773E5-80E0-4F47-9A17-F1EEC61A801A}"
EndProject
Project("{9A19103F-16F7-4668-BE54-9A1E7A4F7556}") = "Tyuiu.FabritsiusAO.Sprint6.Task0.V8.Lib", "Tyuiu.FabritsiusAO.Sprint6.Task0.V8.Lib\Tyuiu.FabritsiusAO.Sprint6.Task0.V8.Lib.csproj", "{C38AA377-8655-4D98-91F8-CECB198154F2}"
EndProject
Project("{9A19103F-16F7-4668-BE54-9A1E7A4F7556}") = "Tyuiu.FabritsiusAO.Sprint6.Task0.V8.Test", "Tyuiu.FabritsiusAO.Sprint6.Task0.V8.Test\Tyuiu.FabritsiusAO.Sprint6.Task0.V8.Test.csproj", "{76D368C9-7B31-46AA-BA4E-FC8E4E5D1B45}"
EndProject
Project("{9A19103F-16F7-4668-BE54-9A1E7A4F7556}") = "Tyuiu.FabritsiusAO.Sprint6.Task0.V8", "Tyuiu.FabritsiusAO.Sprint6.Task0.V8\Tyuiu.FabritsiusAO.Sprint6.Task0.V8.csproj", "{557E1226-1DDD-4979-A2FA-C7007872BA00}"
EndProject
Project("{2150E333-8FDC-42A3-9474-1A3956D46DE8}") = "Task1", "Task1", "{A8E48E7E-E7F0-471D-822B-751B7293C3D2}"
EndProject
Project("{9A19103F-16F7-4668-BE54-9A1E7A4F7556}") = "Tyuiu.FabritsiusAO.Sprint6.Task1.V7", "Tyuiu.FabritsiusAO.Sprint6.Task1.V7\Tyuiu.FabritsiusAO.Sprint6.Task1.V7.csproj", "{C73DEBAA-B056-4A89-B4D9-7C343BD9AB15}"
EndProject
Project("{9A19103F-16F7-4668-BE54-9A1E7A4F7556}") = "Tyuiu.FabritsiusAO.Sprint6.Task1.V7.Lib", "Tyuiu.FabritsiusAO.Sprint6.Task1.V7.Lib\Tyuiu.FabritsiusAO.Sprint6.Task1.V7.Lib.csproj", "{A6795FF7-E7BA-4D92-9345-2D94517832CB}"
EndProject
Project("{9A19103F-16F7-4668-BE54-9A1E7A4F7556}") = "Tyuiu.FabritsiusAO.Sprint6.Task1.V7.Test", "Tyuiu.FabritsiusAO.Sprint6.Task1.V7.Test\Tyuiu.FabritsiusAO.Sprint6.Task1.V7.Test.csproj", "{49B780DC-3D8E-4233-AA38-F72F0A23314E}"
EndProject
Project("{2150E333-8FDC-42A3-9474-1A3956D46DE8}") = "Task2", "Task2", "{E4D9134E-C7B7-49A4-845E-3ED28DD0090A}"
EndProject
Project("{9A19103F-16F7-4668-BE54-9A1E7A4F7556}") = "Tyuiu.FabritsiusAO.Sprint6.Task2.V8", "Tyuiu.FabritsiusAO.Sprint6.Task2.V8\Tyuiu.FabritsiusAO.Sprint6.Task2.V8.csproj", "{5112B798-42DB-45EE-8AC8-C21330B40F7A}"
EndProject
Project("{9A19103F-16F7-4668-BE54-9A1E7A4F7556}") = "Tyuiu.FabritsiusAO.Sprint6.Task2.V8.Lib", "Tyuiu.FabritsiusAO.Sprint6.Task2.V8.Lib\Tyuiu.FabritsiusAO.Sprint6.Task2.V8.Lib.csproj", "{A389401F-9B8D-4030-8063-4176AB7C4B98}"
EndProject
Project("{9A19103F-16F7-4668-BE54-9A1E7A4F7556}") = "Tyuiu.FabritsiusAO.Sprint6.Task2.V8.Test", "Tyuiu.FabritsiusAO.Sprint6.Task2.V8.Test\Tyuiu.FabritsiusAO.Sprint6.Task2.V8.Test.csproj", "{B4FE870A-9B3D-4B8F-A782-A52712FD749D}"
EndProject
Project("{2150E333-8FDC-42A3-9474-1A3956D46DE8}") = "Task3", "Task3", "{A9D0DF97-A023-4139-ADE2-62BD42DA34B5}"
EndProject
Project("{9A19103F-16F7-4668-BE54-9A1E7A4F7556}") = "Tyuiu.FabritsiusAO.Sprint6.Task3.V4", "Tyuiu.FabritsiusAO.Sprint6.Task3.V4\Tyuiu.FabritsiusAO.Sprint6.Task3.V4.csproj", "{5DE5ADC1-A228-4661-83FA-19CCA46711E9}"
EndProject
Project("{9A19103F-16F7-4668-BE54-9A1E7A4F7556}") = "Tyuiu.FabritsiusAO.Sprint6.Task3.V4.Lib", "Tyuiu.FabritsiusAO.Sprint6.Task3.V4.Lib\Tyuiu.FabritsiusAO.Sprint6.Task3.V4.Lib.csproj", "{1D2923AB-EE51-4E91-A0DA-2D964376C256}"
EndProject
Project("{9A19103F-16F7-4668-BE54-9A1E7A4F7556}") = "Tyuiu.FabritsiusAO.Sprint6.Task3.V4.Test", "Tyuiu.FabritsiusAO.Sprint6.Task3.V4.Test\Tyuiu.FabritsiusAO.Sprint6.Task3.V4.Test.csproj", "{D2DCAA90-CB76-413F-83BE-6F46C7D412E6}"
EndProject
Project("{2150E333-8FDC-42A3-9474-1A3956D46DE8}") = "Task4", "Task4", "{37215BFA-ECCC-4C56-9867-4699FDBF89AD}"
EndProject
Project("{9A19103F-16F7-4668-BE54-9A1E7A4F7556}") = "Tyuiu.FabritsiusAO.Sprint6.Task4.V19", "Tyuiu.FabritsiusAO.Sprint6.Task4.V19\Tyuiu.FabritsiusAO.Sprint6.Task4.V19.csproj", "{4145A7A8-DDC6-46F3-943A-02525EA0C0C4}"
EndProject
Project("{9A19103F-16F7-4668-BE54-9A1E7A4F7556}") = "Tyuiu.FabritsiusAO.Sprint6.Task4.V19.Lib", "Tyuiu.FabritsiusAO.Sprint6.Task4.V19.Lib\Tyuiu.FabritsiusAO.Sprint6.Task4.V19.Lib.csproj", "{22D11CC8-B5C5-4765-A7F9-501A0A61917A}"
EndProject
Project("{9A19103F-16F7-4668-BE54-9A1E7A4F7556}") = "Tyuiu.FabritsiusAO.Sprint6.Task4.V19.Test", "Tyuiu.FabritsiusAO.Sprint6.Task4.V19.Test\Tyuiu.FabritsiusAO.Sprint6.Task4.V19.Test.csproj", "{71B3D2FB-7034-4E37-BBB8-5186CA389161}"
EndProject
Project("{2150E333-8FDC-42A3-9474-1A3956D46DE8}") = "Task5", "Task5", "{11725F02-2A98-42A6-8C29-32AA95983CEA}"
EndProject
Project("{FAE04EC0-301F-11D3-BF4B-00C04F79EFBC}") = "Tyuiu.FabritsiusAO.Sprint6.Task5.V22.Lib", "Tyuiu.FabritsiusAO.Sprint6.Task5.V22.Lib\Tyuiu.FabritsiusAO.Sprint6.Task5.V22.Lib.csproj", "{88965CB3-FDCE-406B-8896-52A10E1FD37B}"
EndProject
Project("{FAE04EC0-301F-11D3-BF4B-00C04F79EFBC}") = "Tyuiu.FabritsiusAO.Sprint6.Task5.V22.Test", "Tyuiu.FabritsiusAO.Sprint6.Task5.V22.Test\Tyuiu.FabritsiusAO.Sprint6.Task5.V22.Test.csproj", "{DF8F23B0-E130-487C-8FB0-DF2D5883C4F5}"
EndProject
Project("{FAE04EC0-301F-11D3-BF4B-00C04F79EFBC}") = "Tyuiu.FabritsiusAO.Sprint6.Task5.V22", "Tyuiu.FabritsiusAO.Sprint6.Task5.V22\Tyuiu.FabritsiusAO.Sprint6.Task5.V22.csproj", "{D04B6F02-21B0-4593-B47B-107A2AC431C3}"
EndProject
Project("{2150E333-8FDC-42A3-9474-1A3956D46DE8}") = "Task6", "Task6", "{B6661929-6846-4146-8C97-093CA395B78A}"
EndProject
Project("{2150E333-8FDC-42A3-9474-1A3956D46DE8}") = "Task7", "Task7", "{D5C2323F-D0ED-46AB-95B1-94331F081401}"
EndProject
Project("{FAE04EC0-301F-11D3-BF4B-00C04F79EFBC}") = "Tyuiu.FabritsiusAO.Sprint6.Task6.V13", "Tyuiu.FabritsiusAO.Sprint6.Task6.V13\Tyuiu.FabritsiusAO.Sprint6.Task6.V13.csproj", "{0415686C-7FDD-42CF-B721-4D269E7B427B}"
EndProject
Project("{FAE04EC0-301F-11D3-BF4B-00C04F79EFBC}") = "Tyuiu.FabritsiusAO.Sprint6.Task6.V13.Lib", "Tyuiu.FabritsiusAO.Sprint6.Task6.V13.Lib\Tyuiu.FabritsiusAO.Sprint6.Task6.V13.Lib.csproj", "{DD0013F6-AB9E-46B9-9698-8373B018D593}"
EndProject
Project("{FAE04EC0-301F-11D3-BF4B-00C04F79EFBC}") = "Tyuiu.FabritsiusAO.Sprint6.Task6.V13.Test", "Tyuiu.FabritsiusAO.Sprint6.Task6.V13.Test\Tyuiu.FabritsiusAO.Sprint6.Task6.V13.Test.csproj", "{4A514E43-803C-4F84-983F-E579B89159AD}"
EndProject
Global
	GlobalSection(SolutionConfigurationPlatforms) = preSolution
		Debug|Any CPU = Debug|Any CPU
		Release|Any CPU = Release|Any CPU
	EndGlobalSection
	GlobalSection(ProjectConfigurationPlatforms) = postSolution
		{C38AA377-8655-4D98-91F8-CECB198154F2}.Debug|Any CPU.ActiveCfg = Debug|Any CPU
		{C38AA377-8655-4D98-91F8-CECB198154F2}.Debug|Any CPU.Build.0 = Debug|Any CPU
		{C38AA377-8655-4D98-91F8-CECB198154F2}.Release|Any CPU.ActiveCfg = Release|Any CPU
		{C38AA377-8655-4D98-91F8-CECB198154F2}.Release|Any CPU.Build.0 = Release|Any CPU
		{76D368C9-7B31-46AA-BA4E-FC8E4E5D1B45}.Debug|Any CPU.ActiveCfg = Debug|Any CPU
		{76D368C9-7B31-46AA-BA4E-FC8E4E5D1B45}.Debug|Any CPU.Build.0 = Debug|Any CPU
		{76D368C9-7B31-46AA-BA4E-FC8E4E5D1B45}.Release|Any CPU.ActiveCfg = Release|Any CPU
		{76D368C9-7B31-46AA-BA4E-FC8E4E5D1B45}.Release|Any CPU.Build.0 = Release|Any CPU
		{557E1226-1DDD-4979-A2FA-C7007872BA00}.Debug|Any CPU.ActiveCfg = Debug|Any CPU
		{557E1226-1DDD-4979-A2FA-C7007872BA00}.Debug|Any CPU.Build.0 = Debug|Any CPU
		{557E1226-1DDD-4979-A2FA-C7007872BA00}.Release|Any CPU.ActiveCfg = Release|Any CPU
		{557E1226-1DDD-4979-A2FA-C7007872BA00}.Release|Any CPU.Build.0 = Release|Any CPU
		{C73DEBAA-B056-4A89-B4D9-7C343BD9AB15}.Debug|Any CPU.ActiveCfg = Debug|Any CPU
		{C73DEBAA-B056-4A89-B4D9-7C343BD9AB15}.Debug|Any CPU.Build.0 = Debug|Any CPU
		{C73DEBAA-B056-4A89-B4D9-7C343BD9AB15}.Release|Any CPU.ActiveCfg = Release|Any CPU
		{C73DEBAA-B056-4A89-B4D9-7C343BD9AB15}.Release|Any CPU.Build.0 = Release|Any CPU
		{A6795FF7-E7BA-4D92-9345-2D94517832CB}.Debug|Any CPU.ActiveCfg = Debug|Any CPU
		{A6795FF7-E7BA-4D92-9345-2D94517832CB}.Debug|Any CPU.Build.0 = Debug|Any CPU
		{A6795FF7-E7BA-4D92-9345-2D94517832CB}.Release|Any CPU.ActiveCfg = Release|Any CPU
		{A6795FF7-E7BA-4D92-9345-2D94517832CB}.Release|Any CPU.Build.0 = Release|Any CPU
		{49B780DC-3D8E-4233-AA38-F72F0A23314E}.Debug|Any CPU.ActiveCfg = Debug|Any CPU
		{49B780DC-3D8E-4233-AA38-F72F0A23314E}.Debug|Any CPU.Build.0 = Debug|Any CPU
		{49B780DC-3D8E-4233-AA38-F72F0A23314E}.Release|Any CPU.ActiveCfg = Release|Any CPU
		{49B780DC-3D8E-4233-AA38-F72F0A23314E}.Release|Any CPU.Build.0 = Release|Any CPU
		{5112B798-42DB-45EE-8AC8-C21330B40F7A}.Debug|Any CPU.ActiveCfg = Debug|Any CPU
		{5112B798-42DB-45EE-8AC8-C21330B40F7A}.Debug|Any CPU.Build.0 = Debug|Any CPU
		{5112B798-42DB-45EE-8AC8-C21330B40F7A}.Release|Any CPU.ActiveCfg = Release|Any CPU
		{5112B798-42DB-45EE-8AC8-C21330B40F7A}.Release|Any CPU.Build.0 = Release|Any CPU
		{A389401F-9B8D-4030-8063-4176AB7C4B98}.Debug|Any CPU.ActiveCfg = Debug|Any CPU
		{A389401F-9B8D-4030-8063-4176AB7C4B98}.Debug|Any CPU.Build.0 = Debug|Any CPU
		{A389401F-9B8D-4030-8063-4176AB7C4B98}.Release|Any CPU.ActiveCfg = Release|Any CPU
		{A389401F-9B8D-4030-8063-4176AB7C4B98}.Release|Any CPU.Build.0 = Release|Any CPU
		{B4FE870A-9B3D-4B8F-A782-A52712FD749D}.Debug|Any CPU.ActiveCfg = Debug|Any CPU
		{B4FE870A-9B3D-4B8F-A782-A52712FD749D}.Debug|Any CPU.Build.0 = Debug|Any CPU
		{B4FE870A-9B3D-4B8F-A782-A52712FD749D}.Release|Any CPU.ActiveCfg = Release|Any CPU
		{B4FE870A-9B3D-4B8F-A782-A52712FD749D}.Release|Any CPU.Build.0 = Release|Any CPU
		{5DE5ADC1-A228-4661-83FA-19CCA46711E9}.Debug|Any CPU.ActiveCfg = Debug|Any CPU
		{5DE5ADC1-A228-4661-83FA-19CCA46711E9}.Debug|Any CPU.Build.0 = Debug|Any CPU
		{5DE5ADC1-A228-4661-83FA-19CCA46711E9}.Release|Any CPU.ActiveCfg = Release|Any CPU
		{5DE5ADC1-A228-4661-83FA-19CCA46711E9}.Release|Any CPU.Build.0 = Release|Any CPU
		{1D2923AB-EE51-4E91-A0DA-2D964376C256}.Debug|Any CPU.ActiveCfg = Debug|Any CPU
		{1D2923AB-EE51-4E91-A0DA-2D964376C256}.Debug|Any CPU.Build.0 = Debug|Any CPU
		{1D2923AB-EE51-4E91-A0DA-2D964376C256}.Release|Any CPU.ActiveCfg = Release|Any CPU
		{1D2923AB-EE51-4E91-A0DA-2D964376C256}.Release|Any CPU.Build.0 = Release|Any CPU
		{D2DCAA90-CB76-413F-83BE-6F46C7D412E6}.Debug|Any CPU.ActiveCfg = Debug|Any CPU
		{D2DCAA90-CB76-413F-83BE-6F46C7D412E6}.Debug|Any CPU.Build.0 = Debug|Any CPU
		{D2DCAA90-CB76-413F-83BE-6F46C7D412E6}.Release|Any CPU.ActiveCfg = Release|Any CPU
		{D2DCAA90-CB76-413F-83BE-6F46C7D412E6}.Release|Any CPU.Build.0 = Release|Any CPU
		{4145A7A8-DDC6-46F3-943A-02525EA0C0C4}.Debug|Any CPU.ActiveCfg = Debug|Any CPU
		{4145A7A8-DDC6-46F3-943A-02525EA0C0C4}.Debug|Any CPU.Build.0 = Debug|Any CPU
		{4145A7A8-DDC6-46F3-943A-02525EA0C0C4}.Release|Any CPU.ActiveCfg = Release|Any CPU
		{4145A7A8-DDC6-46F3-943A-02525EA0C0C4}.Release|Any CPU.Build.0 = Release|Any CPU
		{22D11CC8-B5C5-4765-A7F9-501A0A61917A}.Debug|Any CPU.ActiveCfg = Debug|Any CPU
		{22D11CC8-B5C5-4765-A7F9-501A0A61917A}.Debug|Any CPU.Build.0 = Debug|Any CPU
		{22D11CC8-B5C5-4765-A7F9-501A0A61917A}.Release|Any CPU.ActiveCfg = Release|Any CPU
		{22D11CC8-B5C5-4765-A7F9-501A0A61917A}.Release|Any CPU.Build.0 = Release|Any CPU
		{71B3D2FB-7034-4E37-BBB8-5186CA389161}.Debug|Any CPU.ActiveCfg = Debug|Any CPU
		{71B3D2FB-7034-4E37-BBB8-5186CA389161}.Debug|Any CPU.Build.0 = Debug|Any CPU
		{71B3D2FB-7034-4E37-BBB8-5186CA389161}.Release|Any CPU.ActiveCfg = Release|Any CPU
		{71B3D2FB-7034-4E37-BBB8-5186CA389161}.Release|Any CPU.Build.0 = Release|Any CPU
		{88965CB3-FDCE-406B-8896-52A10E1FD37B}.Debug|Any CPU.ActiveCfg = Debug|Any CPU
		{88965CB3-FDCE-406B-8896-52A10E1FD37B}.Debug|Any CPU.Build.0 = Debug|Any CPU
		{88965CB3-FDCE-406B-8896-52A10E1FD37B}.Release|Any CPU.ActiveCfg = Release|Any CPU
		{88965CB3-FDCE-406B-8896-52A10E1FD37B}.Release|Any CPU.Build.0 = Release|Any CPU
		{DF8F23B0-E130-487C-8FB0-DF2D5883C4F5}.Debug|Any CPU.ActiveCfg = Debug|Any CPU
		{DF8F23B0-E130-487C-8FB0-DF2D5883C4F5}.Debug|Any CPU.Build.0 = Debug|Any CPU
		{DF8F23B0-E130-487C-8FB0-DF2D5883C4F5}.Release|Any CPU.ActiveCfg = Release|Any CPU
		{DF8F23B0-E130-487C-8FB0-DF2D5883C4F5}.Release|Any CPU.Build.0 = Release|Any CPU
		{D04B6F02-21B0-4593-B47B-107A2AC431C3}.Debug|Any CPU.ActiveCfg = Debug|Any CPU
		{D04B6F02-21B0-4593-B47B-107A2AC431C3}.Debug|Any CPU.Build.0 = Debug|Any CPU
		{D04B6F02-21B0-4593-B47B-107A2AC431C3}.Release|Any CPU.ActiveCfg = Release|Any CPU
		{D04B6F02-21B0-4593-B47B-107A2AC431C3}.Release|Any CPU.Build.0 = Release|Any CPU
		{0415686C-7FDD-42CF-B721-4D269E7B427B}.Debug|Any CPU.ActiveCfg = Debug|Any CPU
		{0415686C-7FDD-42CF-B721-4D269E7B427B}.Debug|Any CPU.Build.0 = Debug|Any CPU
		{0415686C-7FDD-42CF-B721-4D269E7B427B}.Release|Any CPU.ActiveCfg = Release|Any CPU
		{0415686C-7FDD-42CF-B721-4D269E7B427B}.Release|Any CPU.Build.0 = Release|Any CPU
		{DD0013F6-AB9E-46B9-9698-8373B018D593}.Debug|Any CPU.ActiveCfg = Debug|Any CPU
		{DD0013F6-AB9E-46B9-9698-8373B018D593}.Debug|Any CPU.Build.0 = Debug|Any CPU
		{DD0013F6-AB9E-46B9-9698-8373B018D593}.Release|Any CPU.ActiveCfg = Release|Any CPU
		{DD0013F6-AB9E-46B9-9698-8373B018D593}.Release|Any CPU.Build.0 = Release|Any CPU
		{4A514E43-803C-4F84-983F-E579B89159AD}.Debug|Any CPU.ActiveCfg = Debug|Any CPU
		{4A514E43-803C-4F84-983F-E579B89159AD}.Debug|Any CPU.Build.0 = Debug|Any CPU
		{4A514E43-803C-4F84-983F-E579B89159AD}.Release|Any CPU.ActiveCfg = Release|Any CPU
		{4A514E43-803C-4F84-983F-E579B89159AD}.Release|Any CPU.Build.0 = Release|Any CPU
	EndGlobalSection
	GlobalSection(SolutionProperties) = preSolution
		HideSolutionNode = FALSE
	EndGlobalSection
	GlobalSection(NestedProjects) = preSolution
		{C38AA377-8655-4D98-91F8-CECB198154F2} = {869773E5-80E0-4F47-9A17-F1EEC61A801A}
		{76D368C9-7B31-46AA-BA4E-FC8E4E5D1B45} = {869773E5-80E0-4F47-9A17-F1EEC61A801A}
		{557E1226-1DDD-4979-A2FA-C7007872BA00} = {869773E5-80E0-4F47-9A17-F1EEC61A801A}
		{C73DEBAA-B056-4A89-B4D9-7C343BD9AB15} = {A8E48E7E-E7F0-471D-822B-751B7293C3D2}
		{A6795FF7-E7BA-4D92-9345-2D94517832CB} = {A8E48E7E-E7F0-471D-822B-751B7293C3D2}
		{49B780DC-3D8E-4233-AA38-F72F0A23314E} = {A8E48E7E-E7F0-471D-822B-751B7293C3D2}
		{5112B798-42DB-45EE-8AC8-C21330B40F7A} = {E4D9134E-C7B7-49A4-845E-3ED28DD0090A}
		{A389401F-9B8D-4030-8063-4176AB7C4B98} = {E4D9134E-C7B7-49A4-845E-3ED28DD0090A}
		{B4FE870A-9B3D-4B8F-A782-A52712FD749D} = {E4D9134E-C7B7-49A4-845E-3ED28DD0090A}
		{5DE5ADC1-A228-4661-83FA-19CCA46711E9} = {A9D0DF97-A023-4139-ADE2-62BD42DA34B5}
		{1D2923AB-EE51-4E91-A0DA-2D964376C256} = {A9D0DF97-A023-4139-ADE2-62BD42DA34B5}
		{D2DCAA90-CB76-413F-83BE-6F46C7D412E6} = {A9D0DF97-A023-4139-ADE2-62BD42DA34B5}
		{4145A7A8-DDC6-46F3-943A-02525EA0C0C4} = {37215BFA-ECCC-4C56-9867-4699FDBF89AD}
		{22D11CC8-B5C5-4765-A7F9-501A0A61917A} = {37215BFA-ECCC-4C56-9867-4699FDBF89AD}
		{71B3D2FB-7034-4E37-BBB8-5186CA389161} = {37215BFA-ECCC-4C56-9867-4699FDBF89AD}
		{88965CB3-FDCE-406B-8896-52A10E1FD37B} = {11725F02-2A98-42A6-8C29-32AA95983CEA}
		{DF8F23B0-E130-487C-8FB0-DF2D5883C4F5} = {11725F02-2A98-42A6-8C29-32AA95983CEA}
		{D04B6F02-21B0-4593-B47B-107A2AC431C3} = {11725F02-2A98-42A6-8C29-32AA95983CEA}
		{0415686C-7FDD-42CF-B721-4D269E7B427B} = {B6661929-6846-4146-8C97-093CA395B78A}
		{DD0013F6-AB9E-46B9-9698-8373B018D593} = {B6661929-6846-4146-8C97-093CA395B78A}
		{4A514E43-803C-4F84-983F-E579B89159AD} = {B6661929-6846-4146-8C97-093CA395B78A}
	EndGlobalSection
	GlobalSection(ExtensibilityGlobals) = postSolution
		SolutionGuid = {DFEF5EC6-D007-4BF5-A916-A27502D5A877}
	EndGlobalSection
EndGlobal
